
Microsoft Visual Studio Solution File, Format Version 12.00
# Visual Studio Version 17
VisualStudioVersion = 17.1.32228.430
MinimumVisualStudioVersion = 10.0.40219.1
Project("{FAE04EC0-301F-11D3-BF4B-00C04F79EFBC}") = "net5-GraphQL", "net5-GraphQL\net5-GraphQL.csproj", "{1FBA315C-976A-4985-8D3D-139343FADFFE}"
EndProject
Global
	GlobalSection(SolutionConfigurationPlatforms) = preSolution
		Debug|Any CPU = Debug|Any CPU
		Release|Any CPU = Release|Any CPU
	EndGlobalSection
	GlobalSection(ProjectConfigurationPlatforms) = postSolution
		{1FBA315C-976A-4985-8D3D-139343FADFFE}.Debug|Any CPU.ActiveCfg = Debug|Any CPU
		{1FBA315C-976A-4985-8D3D-139343FADFFE}.Debug|Any CPU.Build.0 = Debug|Any CPU
		{1FBA315C-976A-4985-8D3D-139343FADFFE}.Release|Any CPU.ActiveCfg = Release|Any CPU
		{1FBA315C-976A-4985-8D3D-139343FADFFE}.Release|Any CPU.Build.0 = Release|Any CPU
	EndGlobalSection
	GlobalSection(SolutionProperties) = preSolution
		HideSolutionNode = FALSE
	EndGlobalSection
	GlobalSection(ExtensibilityGlobals) = postSolution
		SolutionGuid = {1A567A9A-B02A-47F9-9682-EC7549E317E5}
	EndGlobalSection
EndGlobal
